
Microsoft Visual Studio Solution File, Format Version 12.00
# Visual Studio Version 17
VisualStudioVersion = 17.5.33414.496
MinimumVisualStudioVersion = 10.0.40219.1
Project("{FAE04EC0-301F-11D3-BF4B-00C04F79EFBC}") = "Pass_Data_One_Form_to_Another", "Pass_Data_One_Form_to_Another\Pass_Data_One_Form_to_Another.csproj", "{4B068093-7B24-4A11-AFB7-88DEF16EBCFF}"
EndProject
Global
	GlobalSection(SolutionConfigurationPlatforms) = preSolution
		Debug|Any CPU = Debug|Any CPU
		Release|Any CPU = Release|Any CPU
	EndGlobalSection
	GlobalSection(ProjectConfigurationPlatforms) = postSolution
		{4B068093-7B24-4A11-AFB7-88DEF16EBCFF}.Debug|Any CPU.ActiveCfg = Debug|Any CPU
		{4B068093-7B24-4A11-AFB7-88DEF16EBCFF}.Debug|Any CPU.Build.0 = Debug|Any CPU
		{4B068093-7B24-4A11-AFB7-88DEF16EBCFF}.Release|Any CPU.ActiveCfg = Release|Any CPU
		{4B068093-7B24-4A11-AFB7-88DEF16EBCFF}.Release|Any CPU.Build.0 = Release|Any CPU
	EndGlobalSection
	GlobalSection(SolutionProperties) = preSolution
		HideSolutionNode = FALSE
	EndGlobalSection
	GlobalSection(ExtensibilityGlobals) = postSolution
		SolutionGuid = {D8F76F17-1E00-4F0B-A2FC-8DF200733E79}
	EndGlobalSection
EndGlobal
